// !$*UTF8*$!
{
	archiveVersion = 1;
	classes = {
	};
	objectVersion = 52;
	objects = {

/* Begin PBXBuildFile section */
		B001 /* AppDelegate.swift in Sources */ = {isa = PBXBuildFile; fileRef = F001 /* AppDelegate.swift */; };
		B002 /* ServiceDefinition.swift in Sources */ = {isa = PBXBuildFile; fileRef = F002 /* ServiceDefinition.swift */; };
		B003 /* NetworkClient.swift in Sources */ = {isa = PBXBuildFile; fileRef = F003 /* NetworkClient.swift */; };
		B004 /* SessionStore.swift in Sources */ = {isa = PBXBuildFile; fileRef = F004 /* SessionStore.swift */; };
		B005 /* LauncherViewController.swift in Sources */ = {isa = PBXBuildFile; fileRef = F005 /* LauncherViewController.swift */; };
		B006 /* WebContainerViewController.swift in Sources */ = {isa = PBXBuildFile; fileRef = F006 /* WebContainerViewController.swift */; };
		B007 /* RemoteCanvasViewController.swift in Sources */ = {isa = PBXBuildFile; fileRef = F007 /* RemoteCanvasViewController.swift */; };
/* End PBXBuildFile section */

/* Begin PBXFileReference section */
		F000 /* 5sAvailator.app */ = {isa = PBXFileReference; explicitFileType = wrapper.application; includeInIndex = 0; path = 5sAvailator.app; sourceTree = BUILT_PRODUCTS_DIR; };
		F001 /* AppDelegate.swift */ = {isa = PBXFileReference; lastKnownFileType = sourcecode.swift; path = AppDelegate.swift; sourceTree = "<group>"; };
		F002 /* ServiceDefinition.swift */ = {isa = PBXFileReference; lastKnownFileType = sourcecode.swift; path = ServiceDefinition.swift; sourceTree = "<group>"; };
		F003 /* NetworkClient.swift */ = {isa = PBXFileReference; lastKnownFileType = sourcecode.swift; path = NetworkClient.swift; sourceTree = "<group>"; };
		F004 /* SessionStore.swift */ = {isa = PBXFileReference; lastKnownFileType = sourcecode.swift; path = SessionStore.swift; sourceTree = "<group>"; };
		F005 /* LauncherViewController.swift */ = {isa = PBXFileReference; lastKnownFileType = sourcecode.swift; path = LauncherViewController.swift; sourceTree = "<group>"; };
		F006 /* WebContainerViewController.swift */ = {isa = PBXFileReference; lastKnownFileType = sourcecode.swift; path = WebContainerViewController.swift; sourceTree = "<group>"; };
		F007 /* RemoteCanvasViewController.swift */ = {isa = PBXFileReference; lastKnownFileType = sourcecode.swift; path = RemoteCanvasViewController.swift; sourceTree = "<group>"; };
		F008 /* Info.plist */ = {isa = PBXFileReference; lastKnownFileType = text.plist.xml; path = Info.plist; sourceTree = "<group>"; };
/* End PBXFileReference section */

/* Begin PBXFrameworksBuildPhase section */
		E001 /* Frameworks */ = {
			isa = PBXFrameworksBuildPhase;
			buildActionMask = 2147483647;
			files = (
			);
			runOnlyForDeploymentPostprocessing = 0;
		};
/* End PBXFrameworksBuildPhase section */

/* Begin PBXGroup section */
		G000 /* / */ = {
			isa = PBXGroup;
			children = (
				G001 /* 5sAvailator */,
				G002 /* Products */,
			);
			sourceTree = "<group>";
		};
		G001 /* 5sAvailator */ = {
			isa = PBXGroup;
			children = (
				G003 /* Sources */,
				F008 /* Info.plist */,
			);
			path = 5sAvailator;
			sourceTree = "<group>";
		};
		G002 /* Products */ = {
			isa = PBXGroup;
			children = (
				F000 /* 5sAvailator.app */,
			);
			name = Products;
			sourceTree = "<group>";
		};
		G003 /* Sources */ = {
			isa = PBXGroup;
			children = (
				F001 /* AppDelegate.swift */,
				F002 /* ServiceDefinition.swift */,
				F003 /* NetworkClient.swift */,
				F004 /* SessionStore.swift */,
				F005 /* LauncherViewController.swift */,
				F006 /* WebContainerViewController.swift */,
				F007 /* RemoteCanvasViewController.swift */,
			);
			path = Sources;
			sourceTree = "<group>";
		};
/* End PBXGroup section */

/* Begin PBXNativeTarget section */
		T001 /* 5sAvailator */ = {
			isa = PBXNativeTarget;
			buildConfigurationList = C001 /* Build configuration list for PBXNativeTarget "5sAvailator" */;
			buildPhases = (
				S001 /* Sources */,
				E001 /* Frameworks */,
				R001 /* Resources */,
			);
			buildRules = (
			);
			dependencies = (
			);
			name = 5sAvailator;
			productName = 5sAvailator;
			productReference = F000 /* 5sAvailator.app */;
			productType = "com.apple.product-type.application";
		};
/* End PBXNativeTarget section */

/* Begin PBXProject section */
		P001 /* Project object */ = {
			isa = PBXProject;
			attributes = {
				LastSwiftUpdateCheck = 1100;
				LastUpgradeCheck = 1100;
				TargetAttributes = {
					T001 = {
						CreatedOnToolsVersion = 11.0;
					};
				};
			};
			buildConfigurationList = C000 /* Build configuration list for PBXProject "5sAvailator" */;
			compatibilityVersion = "Xcode 9.3";
			developmentRegion = en;
			hasScannedForEncodings = 0;
			knownRegions = (
				en,
				Base,
			);
			mainGroup = G000;
			productRefGroup = G002 /* Products */;
			projectDirPath = "";
			projectRoot = "";
			targets = (
				T001 /* 5sAvailator */,
			);
		};
/* End PBXProject section */

/* Begin PBXResourcesBuildPhase section */
		R001 /* Resources */ = {
			isa = PBXResourcesBuildPhase;
			buildActionMask = 2147483647;
			files = (
			);
			runOnlyForDeploymentPostprocessing = 0;
		};
/* End PBXResourcesBuildPhase section */

/* Begin PBXSourcesBuildPhase section */
		S001 /* Sources */ = {
			isa = PBXSourcesBuildPhase;
			buildActionMask = 2147483647;
			files = (
				B001 /* AppDelegate.swift in Sources */,
				B002 /* ServiceDefinition.swift in Sources */,
				B003 /* NetworkClient.swift in Sources */,
				B004 /* SessionStore.swift in Sources */,
				B005 /* LauncherViewController.swift in Sources */,
				B006 /* WebContainerViewController.swift in Sources */,
				B007 /* RemoteCanvasViewController.swift in Sources */,
			);
			runOnlyForDeploymentPostprocessing = 0;
		};
/* End PBXSourcesBuildPhase section */

/* Begin XCBuildConfiguration section */
		BC00 /* Debug */ = {
			isa = XCBuildConfiguration;
			buildSettings = {
				ALWAYS_SEARCH_USER_PATHS = NO;
				CLANG_ANALYZER_NONNULL = YES;
				CLANG_CXX_LANGUAGE_STANDARD = "gnu++14";
				CLANG_ENABLE_MODULES = YES;
				CLANG_ENABLE_OBJC_ARC = YES;
				CLANG_ENABLE_OBJC_WEAK = YES;
				COPY_PHASE_STRIP = NO;
				DEBUG_INFORMATION_FORMAT = dwarf;
				ENABLE_STRICT_OBJC_MSGSEND = YES;
				ENABLE_TESTABILITY = YES;
				GCC_C_LANGUAGE_STANDARD = gnu11;
				GCC_DYNAMIC_NO_PIC = NO;
				GCC_NO_COMMON_BLOCKS = YES;
				GCC_OPTIMIZATION_LEVEL = 0;
				GCC_PREPROCESSOR_DEFINITIONS = (
					"DEBUG=1",
					"$(inherited)",
				);
				MTL_ENABLE_DEBUG_INFO = INCLUDE_SOURCE;
				MTL_FAST_MATH = YES;
				ONLY_ACTIVE_ARCH = YES;
				SWIFT_ACTIVE_COMPILATION_CONDITIONS = DEBUG;
				SWIFT_OPTIMIZATION_LEVEL = "-Onone";
			};
			name = Debug;
		};
		BC01 /* Release */ = {
			isa = XCBuildConfiguration;
			buildSettings = {
				ALWAYS_SEARCH_USER_PATHS = NO;
				CLANG_ANALYZER_NONNULL = YES;
				CLANG_CXX_LANGUAGE_STANDARD = "gnu++14";
				CLANG_ENABLE_MODULES = YES;
				CLANG_ENABLE_OBJC_ARC = YES;
				CLANG_ENABLE_OBJC_WEAK = YES;
				COPY_PHASE_STRIP = NO;
				DEBUG_INFORMATION_FORMAT = "dwarf-with-dsym";
				ENABLE_NS_ASSERTIONS = NO;
				ENABLE_STRICT_OBJC_MSGSEND = YES;
				GCC_C_LANGUAGE_STANDARD = gnu11;
				GCC_NO_COMMON_BLOCKS = YES;
				MTL_ENABLE_DEBUG_INFO = NO;
				MTL_FAST_MATH = YES;
				SWIFT_COMPILATION_MODE = wholemodule;
				SWIFT_OPTIMIZATION_LEVEL = "-O";
			};
			name = Release;
		};
		BC10 /* Debug */ = {
			isa = XCBuildConfiguration;
			buildSettings = {
				ASSETCATALOG_COMPILER_APPICON_NAME = AppIcon;
				CODE_SIGN_STYLE = Automatic;
				DEVELOPMENT_TEAM = "";
				INFOPLIST_FILE = "5sAvailator/Info.plist";
				IPHONEOS_DEPLOYMENT_TARGET = 12.0;
				LD_RUNPATH_SEARCH_PATHS = (
					"$(inherited)",
					"@executable_path/Frameworks",
				);
				PRODUCT_BUNDLE_IDENTIFIER = "com.example.5sAvailator";
				PRODUCT_NAME = "$(TARGET_NAME)";
				SWIFT_VERSION = 5.0;
				TARGETED_DEVICE_FAMILY = 1;
			};
			name = Debug;
		};
		BC11 /* Release */ = {
			isa = XCBuildConfiguration;
			buildSettings = {
				ASSETCATALOG_COMPILER_APPICON_NAME = AppIcon;
				CODE_SIGN_STYLE = Automatic;
				DEVELOPMENT_TEAM = "";
				INFOPLIST_FILE = "5sAvailator/Info.plist";
				IPHONEOS_DEPLOYMENT_TARGET = 12.0;
				LD_RUNPATH_SEARCH_PATHS = (
					"$(inherited)",
					"@executable_path/Frameworks",
				);
				PRODUCT_BUNDLE_IDENTIFIER = "com.example.5sAvailator";
				PRODUCT_NAME = "$(TARGET_NAME)";
				SWIFT_VERSION = 5.0;
				TARGETED_DEVICE_FAMILY = 1;
			};
			name = Release;
		};
/* End XCBuildConfiguration section */

/* Begin XCConfigurationList section */
		C000 /* Build configuration list for PBXProject "5sAvailator" */ = {
			isa = XCConfigurationList;
			buildConfigurations = (
				BC00 /* Debug */,
				BC01 /* Release */,
			);
			defaultConfigurationIsVisible = 0;
			defaultConfigurationName = Release;
		};
		C001 /* Build configuration list for PBXNativeTarget "5sAvailator" */ = {
			isa = XCConfigurationList;
			buildConfigurations = (
				BC10 /* Debug */,
				BC11 /* Release */,
			);
			defaultConfigurationIsVisible = 0;
			defaultConfigurationName = Release;
		};
/* End XCConfigurationList section */

	};
	rootObject = P001 /* Project object */;
}
